
Microsoft Visual Studio Solution File, Format Version 12.00
# Visual Studio Version 17
VisualStudioVersion = 17.4.33213.308
MinimumVisualStudioVersion = 10.0.40219.1
Project("{FAE04EC0-301F-11D3-BF4B-00C04F79EFBC}") = "Leva", "Leva\Leva.csproj", "{7770C2B7-DADA-48A1-A050-CA2C73ACD7D5}"
EndProject
Global
	GlobalSection(SolutionConfigurationPlatforms) = preSolution
		Debug|Any CPU = Debug|Any CPU
		Release|Any CPU = Release|Any CPU
	EndGlobalSection
	GlobalSection(ProjectConfigurationPlatforms) = postSolution
		{7770C2B7-DADA-48A1-A050-CA2C73ACD7D5}.Debug|Any CPU.ActiveCfg = Debug|Any CPU
		{7770C2B7-DADA-48A1-A050-CA2C73ACD7D5}.Debug|Any CPU.Build.0 = Debug|Any CPU
		{7770C2B7-DADA-48A1-A050-CA2C73ACD7D5}.Release|Any CPU.ActiveCfg = Release|Any CPU
		{7770C2B7-DADA-48A1-A050-CA2C73ACD7D5}.Release|Any CPU.Build.0 = Release|Any CPU
	EndGlobalSection
	GlobalSection(SolutionProperties) = preSolution
		HideSolutionNode = FALSE
	EndGlobalSection
	GlobalSection(ExtensibilityGlobals) = postSolution
		SolutionGuid = {7C75457E-E996-40B5-86E6-EDA73484E438}
	EndGlobalSection
EndGlobal
